
Microsoft Visual Studio Solution File, Format Version 12.00
# Visual Studio Version 17
VisualStudioVersion = 17.8.34330.188
MinimumVisualStudioVersion = 10.0.40219.1
Project("{FAE04EC0-301F-11D3-BF4B-00C04F79EFBC}") = "AspMVC_Demo.Web", "AspMVC_Demo\AspMVC_Demo.Web.csproj", "{D78E622D-A542-4DDA-BCFE-B078647094C6}"
EndProject
Project("{FAE04EC0-301F-11D3-BF4B-00C04F79EFBC}") = "AspMVC_Demo.BLL", "AspMVC_Demo.Core\AspMVC_Demo.BLL.csproj", "{297F7628-ED96-4286-A4E4-EE692F4B7282}"
EndProject
Project("{00D1A9C2-B5F0-4AF3-8072-F6C62B433612}") = "AspMVC_Demo.Db", "AspMVC_Demo.Db\AspMVC_Demo.Db.sqlproj", "{DC906782-CD16-4E5D-BDB4-A2D9C8C433BD}"
EndProject
Project("{FAE04EC0-301F-11D3-BF4B-00C04F79EFBC}") = "AspMVC_Demo.Domain", "AspMVC_Demo.Domain\AspMVC_Demo.Domain.csproj", "{C0D91152-2C53-453A-8E8D-6764230BF1FC}"
EndProject
Project("{FAE04EC0-301F-11D3-BF4B-00C04F79EFBC}") = "AspMVC_Demo.DAL", "AspMVC_Demo.DAL\AspMVC_Demo.DAL.csproj", "{581F2A21-2B3C-41A3-857A-8FF29E35D4FF}"
EndProject
Project("{2150E333-8FDC-42A3-9474-1A3956D46DE8}") = "1-Web", "1-Web", "{04102FBD-4C53-4187-B754-171A4571DC36}"
EndProject
Project("{2150E333-8FDC-42A3-9474-1A3956D46DE8}") = "2-BLL", "2-BLL", "{33666F37-9D3A-4DC8-B224-E5FA9ABED94E}"
EndProject
Project("{2150E333-8FDC-42A3-9474-1A3956D46DE8}") = "3-DAL", "3-DAL", "{47C68929-4E11-4D61-BDE8-3F440550202F}"
EndProject
Project("{2150E333-8FDC-42A3-9474-1A3956D46DE8}") = "4-DataBase", "4-DataBase", "{9FD14079-65B2-48A1-A6FE-861E0C4A1FF2}"
EndProject
Project("{2150E333-8FDC-42A3-9474-1A3956D46DE8}") = "5-Domain", "5-Domain", "{6FAC2396-32B2-4EA4-8271-EF78DA03C2EE}"
EndProject
Project("{2150E333-8FDC-42A3-9474-1A3956D46DE8}") = "99-ToolBox", "99-ToolBox", "{8E17D8D3-ACF7-43FB-A025-C3A364B9AD25}"
EndProject
Project("{FAE04EC0-301F-11D3-BF4B-00C04F79EFBC}") = "ToolsBox", "ToolsBox\ToolsBox.csproj", "{20C46364-62E5-472A-8AE6-C768040221F1}"
EndProject
Global
	GlobalSection(SolutionConfigurationPlatforms) = preSolution
		Debug|Any CPU = Debug|Any CPU
		Release|Any CPU = Release|Any CPU
	EndGlobalSection
	GlobalSection(ProjectConfigurationPlatforms) = postSolution
		{D78E622D-A542-4DDA-BCFE-B078647094C6}.Debug|Any CPU.ActiveCfg = Debug|Any CPU
		{D78E622D-A542-4DDA-BCFE-B078647094C6}.Debug|Any CPU.Build.0 = Debug|Any CPU
		{D78E622D-A542-4DDA-BCFE-B078647094C6}.Release|Any CPU.ActiveCfg = Release|Any CPU
		{D78E622D-A542-4DDA-BCFE-B078647094C6}.Release|Any CPU.Build.0 = Release|Any CPU
		{297F7628-ED96-4286-A4E4-EE692F4B7282}.Debug|Any CPU.ActiveCfg = Debug|Any CPU
		{297F7628-ED96-4286-A4E4-EE692F4B7282}.Debug|Any CPU.Build.0 = Debug|Any CPU
		{297F7628-ED96-4286-A4E4-EE692F4B7282}.Release|Any CPU.ActiveCfg = Release|Any CPU
		{297F7628-ED96-4286-A4E4-EE692F4B7282}.Release|Any CPU.Build.0 = Release|Any CPU
		{DC906782-CD16-4E5D-BDB4-A2D9C8C433BD}.Debug|Any CPU.ActiveCfg = Debug|Any CPU
		{DC906782-CD16-4E5D-BDB4-A2D9C8C433BD}.Debug|Any CPU.Build.0 = Debug|Any CPU
		{DC906782-CD16-4E5D-BDB4-A2D9C8C433BD}.Debug|Any CPU.Deploy.0 = Debug|Any CPU
		{DC906782-CD16-4E5D-BDB4-A2D9C8C433BD}.Release|Any CPU.ActiveCfg = Release|Any CPU
		{DC906782-CD16-4E5D-BDB4-A2D9C8C433BD}.Release|Any CPU.Build.0 = Release|Any CPU
		{DC906782-CD16-4E5D-BDB4-A2D9C8C433BD}.Release|Any CPU.Deploy.0 = Release|Any CPU
		{C0D91152-2C53-453A-8E8D-6764230BF1FC}.Debug|Any CPU.ActiveCfg = Debug|Any CPU
		{C0D91152-2C53-453A-8E8D-6764230BF1FC}.Debug|Any CPU.Build.0 = Debug|Any CPU
		{C0D91152-2C53-453A-8E8D-6764230BF1FC}.Release|Any CPU.ActiveCfg = Release|Any CPU
		{C0D91152-2C53-453A-8E8D-6764230BF1FC}.Release|Any CPU.Build.0 = Release|Any CPU
		{581F2A21-2B3C-41A3-857A-8FF29E35D4FF}.Debug|Any CPU.ActiveCfg = Debug|Any CPU
		{581F2A21-2B3C-41A3-857A-8FF29E35D4FF}.Debug|Any CPU.Build.0 = Debug|Any CPU
		{581F2A21-2B3C-41A3-857A-8FF29E35D4FF}.Release|Any CPU.ActiveCfg = Release|Any CPU
		{581F2A21-2B3C-41A3-857A-8FF29E35D4FF}.Release|Any CPU.Build.0 = Release|Any CPU
		{20C46364-62E5-472A-8AE6-C768040221F1}.Debug|Any CPU.ActiveCfg = Debug|Any CPU
		{20C46364-62E5-472A-8AE6-C768040221F1}.Debug|Any CPU.Build.0 = Debug|Any CPU
		{20C46364-62E5-472A-8AE6-C768040221F1}.Release|Any CPU.ActiveCfg = Release|Any CPU
		{20C46364-62E5-472A-8AE6-C768040221F1}.Release|Any CPU.Build.0 = Release|Any CPU
	EndGlobalSection
	GlobalSection(SolutionProperties) = preSolution
		HideSolutionNode = FALSE
	EndGlobalSection
	GlobalSection(NestedProjects) = preSolution
		{D78E622D-A542-4DDA-BCFE-B078647094C6} = {04102FBD-4C53-4187-B754-171A4571DC36}
		{297F7628-ED96-4286-A4E4-EE692F4B7282} = {33666F37-9D3A-4DC8-B224-E5FA9ABED94E}
		{DC906782-CD16-4E5D-BDB4-A2D9C8C433BD} = {9FD14079-65B2-48A1-A6FE-861E0C4A1FF2}
		{C0D91152-2C53-453A-8E8D-6764230BF1FC} = {6FAC2396-32B2-4EA4-8271-EF78DA03C2EE}
		{581F2A21-2B3C-41A3-857A-8FF29E35D4FF} = {47C68929-4E11-4D61-BDE8-3F440550202F}
		{20C46364-62E5-472A-8AE6-C768040221F1} = {8E17D8D3-ACF7-43FB-A025-C3A364B9AD25}
	EndGlobalSection
	GlobalSection(ExtensibilityGlobals) = postSolution
		SolutionGuid = {86C04C24-3D15-4CBC-9DE2-AE8C4D1471FA}
	EndGlobalSection
EndGlobal
